{
  "lockfileVersion": 2,
  "configVersion": 1,
  "workspaces": {
    "": {
      "name": "@ckb-vote/sdk",
      "dependencies": {
        "@ckb-ccc/shell": "^1.3.12",
        "commander": "^12.0.0",
      },
      "devDependencies": {
        "@types/bun": "^1.1.0",
        "prettier": "^3.3.3",
        "typescript": "^5.6.0",
      },
    },
  },
  "packages": {
    "@adraffy/ens-normalize": ["@adraffy/ens-normalize@1.11.1", "", {}, "sha512-nhCBV3quEgesuf7c7KYfperqSS14T8bYuvJ8PcLJp6znkZpFc0AuW4qBtr8eKVyPPe/8RSr7sglCWPU5eaxwKQ=="],

    "@ckb-ccc/core": ["@ckb-ccc/core@1.21.0", "", { "dependencies": { "@joyid/ckb": "^1.1.4", "@noble/ciphers": "^2.2.0", "@noble/curves": "^2.2.0", "@noble/hashes": "^2.2.0", "bech32": "^2.0.0", "bs58check": "^4.0.0", "ethers": "^6.17.0", "isomorphic-ws": "^5.0.0", "uint8array-extras": "^1.5.0", "ws": "^8.21.0" } }, "sha512-Rary1VryrpbS4kYGwi/JEOD9ER+9mak+m2uJutsCzRRjNYx+rdzQfjnsDDQ+2Pno37prfAarByNEQhhHK9VEnw=="],

    "@ckb-ccc/did-ckb": ["@ckb-ccc/did-ckb@0.2.12", "", { "dependencies": { "@ckb-ccc/core": "1.21.0", "@ckb-ccc/type-id": "0.1.12", "@ipld/dag-cbor": "^10.0.1", "@noble/curves": "^2.2.0" } }, "sha512-g3gqIAgTp9CyuzQf5F2CPhdIMuyjJW+aCsonvqDrVwuWvwH0Z/B8DBAnDWE3SGRXTqVCnuv1Ng71HskNW2RITw=="],

    "@ckb-ccc/shell": ["@ckb-ccc/shell@1.3.12", "", { "dependencies": { "@ckb-ccc/core": "1.21.0", "@ckb-ccc/did-ckb": "0.2.12", "@ckb-ccc/spore": "1.6.12", "@ckb-ccc/ssri": "0.4.2", "@ckb-ccc/type-id": "0.1.12", "@ckb-ccc/udt": "0.2.12" } }, "sha512-cttJNHOd+/bKP3pETOoqv5dVpSIE1vLEYnkC3MeRDCtnH67ig++4VMd/EGmnpraBpLCJyS9FxXSKv52gkaOHbg=="],

    "@ckb-ccc/spore": ["@ckb-ccc/spore@1.6.12", "", { "dependencies": { "@ckb-ccc/core": "1.21.0", "axios": "^1.18.0" } }, "sha512-AlGOyJB0oX5z9xIygJN3ceV8SXCGOUs5jDzYlfVMlgya59Vb9WCDjWynxRz2/jodm65Ekn+ICtVr/8bOxVWRXg=="],

    "@ckb-ccc/ssri": ["@ckb-ccc/ssri@0.4.2", "", { "dependencies": { "@ckb-ccc/core": "1.21.0" } }, "sha512-VP9VeTyd9r+16XFxtoANEd7MKzKcUZ/C4Y1jyegtbeySL/R5/u22OLBCJMsGpFyq4Rhd/iq+H6ptOfrTjyfHdw=="],

    "@ckb-ccc/type-id": ["@ckb-ccc/type-id@0.1.12", "", { "dependencies": { "@ckb-ccc/core": "1.21.0" } }, "sha512-qd7PS9//PfOfewzAwcs6ZuCOrs+UNdIPEvL0AqB1c+tHTLAVk98Dq4CdDN+SdWbvdNiTWKkXINRcceJ1pEfaoQ=="],

    "@ckb-ccc/udt": ["@ckb-ccc/udt@0.2.12", "", { "dependencies": { "@ckb-ccc/core": "1.21.0", "@ckb-ccc/ssri": "0.4.2" } }, "sha512-iI6IfayyTDPcTTVQ8VQqMwWTdBkW67RAvVxEIU9fzCgzkddNAzx1t+NjbShISQuO+ypme1UFiPvvQLe1TL0qlw=="],

    "@ipld/dag-cbor": ["@ipld/dag-cbor@10.0.2", "", { "dependencies": { "cborg": "^6.1.1", "multiformats": "^14.0.0" } }, "sha512-1eCD4YMTlkx5i36oQUmeAojLS/wu+XCd1Gs31BA0afk0TaVkhnyMofIAT/pi0wV3HS3/G7QSN/1NibhiksMyZQ=="],

    "@joyid/ckb": ["@joyid/ckb@1.1.4", "", { "dependencies": { "@joyid/common": "0.2.2", "@nervosnetwork/ckb-sdk-utils": "^0.109.5", "cross-fetch": "4.0.0", "uncrypto": "^0.1.3" } }, "sha512-8WqcfFd/kfttuaIf2/XsRcmQkEwYLUnZc9UZRcGSVX6GkwzpOLVY5S6Hq+fDXY82lQo9upJGjjudrtcPKYPx3g=="],

    "@joyid/common": ["@joyid/common@0.2.2", "", { "dependencies": { "abitype": "0.8.7", "type-fest": "4.6.0" } }, "sha512-Sh9cBlbL+WgcKJ7jngELg5oY0qAO1trHm4iq1Ao0drWwi4biF8p3cb5mAEoO36UxXOy3CYSDbECWLGIP9lWNgg=="],

    "@nervosnetwork/ckb-sdk-utils": ["@nervosnetwork/ckb-sdk-utils@0.109.5", "", { "dependencies": { "@nervosnetwork/ckb-types": "0.109.5", "bech32": "2.0.0", "elliptic": "6.6.1", "jsbi": "3.1.3", "tslib": "2.3.1" } }, "sha512-Tx642hcJWbN8W3KzCIhIo49yzJ8LMqWopQCSBDKuRmwHesO/bvJqYojCVwfrOyROtFOPhgjyiGm5RXBuxm0KpQ=="],

    "@nervosnetwork/ckb-types": ["@nervosnetwork/ckb-types@0.109.5", "", {}, "sha512-5jQNjFw76YCd+Ppl+0RvBWzxwvWaKfWC5wjVFFdNAieX7xksCHfZFIeow8je7AF8uVypwe56WlLBlblxw9NBBQ=="],

    "@noble/ciphers": ["@noble/ciphers@2.4.0", "", {}, "sha512-AnjFn0Jv92laAkvMrghlFZq4qQCIN/4DxFV/eooqtC2YTjB7kBeLMS2T9KJX4Dn+ZVXLOwK0lSgqDtx9gvxtiw=="],

    "@noble/curves": ["@noble/curves@2.4.0", "", { "dependencies": { "@noble/hashes": "2.4.0" } }, "sha512-P4/62zrgfH33CneE3Dn4WhJVA22YUU0eR51wKIan4NVRvwsA0YnPTwWGpNbpuacSujmSFLvyzpyuR30+fbq2Ew=="],

    "@noble/hashes": ["@noble/hashes@2.4.0", "", {}, "sha512-X5XaVWZIBCT7HHZGm5I7ZQXDwLG+bGXuSrMQAW+7Zvl87h1kmc1ZB1VSRJcpUfoUrGQp4Fkoxm5kZ+Ms+aW+eA=="],

    "@types/bun": ["@types/bun@1.4.2", "", { "dependencies": { "bun-types": "1.4.2" } }, "sha512-GimotNn7+ZV0uVArItBbriZsR1oNf0+WTzPkdcFrzShI7k2norL0uzEaJT8T33dWr7O/c9ZDuAFQrctKCi72oQ=="],

    "@types/node": ["@types/node@22.20.3", "", { "dependencies": { "undici-types": "~6.21.0" } }, "sha512-DZmzkmwHzXrLPAXPyKNDzlIwMMUZCVacoD25ywdy5YTKGbOx/2ld+Q38Im2zJ0vBuZP5Prd3VZutKZyXwkOS8A=="],

    "abitype": ["abitype@0.8.7", "", { "peerDependencies": { "typescript": ">=5.0.4", "zod": "^3 >=3.19.1" }, "optionalPeers": ["zod"] }, "sha512-wQ7hV8Yg/yKmGyFpqrNZufCxbszDe5es4AZGYPBitocfSqXtjrTG9JMWFcc4N30ukl2ve48aBTwt7NJxVQdU3w=="],

    "aes-js": ["aes-js@4.0.0-beta.5", "", {}, "sha512-G965FqalsNyrPqgEGON7nIx1e/OVENSgiEIzyC63haUMuvNnwIgIjMs52hlTCKhkBny7A2ORNlfY9Zu+jmGk1Q=="],

    "agent-base": ["agent-base@6.0.2", "", { "dependencies": { "debug": "4" } }, "sha512-RZNwNclF7+MS/8bDg70amg32dyeZGZxiDuQmZxKLAlQjr3jGyLx+4Kkk58UO7D2QdgFIQCovuSuZESne6RG6XQ=="],

    "asynckit": ["asynckit@0.4.0", "", {}, "sha512-Oei9OH4tRh0YqU3GxhX79dM/mwVgvbZJaSNaRk+bshkj0S5cfHcgYakreBjrHwatXKbz+IoIdYLxrKim2MjW0Q=="],

    "axios": ["axios@1.20.0", "", { "dependencies": { "follow-redirects": "^1.16.0", "form-data": "^4.0.6", "https-proxy-agent": "^5.0.1", "proxy-from-env": "^2.1.0" } }, "sha512-r8aOh8j9cGKpgQAqpzrUHnSIc6a59Y3Xf/cv8sy1DrHCkZHzQGEuoq1tARk6qSyDdtQGSDgpb9kFlruzPvrgwg=="],

    "base-x": ["base-x@5.0.1", "", {}, "sha512-M7uio8Zt++eg3jPj+rHMfCC+IuygQHHCOU+IYsVtik6FWjuYpVt/+MRKcgsAMHh8mMFAwnB+Bs+mTrFiXjMzKg=="],

    "bech32": ["bech32@2.0.0", "", {}, "sha512-LcknSilhIGatDAsY1ak2I8VtGaHNhgMSYVxFrGLXv+xLHytaKZKcaUJJUE7qmBr7h33o5YQwP55pMI0xmkpJwg=="],

    "bn.js": ["bn.js@4.12.5", "", {}, "sha512-3aRg6/JxfffFD+OlOjOFR3Vo79l39ooBTFucxx+MT3dhCtzn3EmiUPQo+6/OZuI2jbXi3YKgmiTFBgChQMwIRQ=="],

    "brorand": ["brorand@1.1.0", "", {}, "sha512-cKV8tMCEpQs4hK/ik71d6LrPOnpkpGBR0wzxqr68g2m/LB2GxVYQroAjMJZRVM1Y4BCjCKc3vAamxSzOY2RP+w=="],

    "bs58": ["bs58@6.0.0", "", { "dependencies": { "base-x": "^5.0.0" } }, "sha512-PD0wEnEYg6ijszw/u8s+iI3H17cTymlrwkKhDhPZq+Sokl3AU4htyBFTjAeNAlCCmg0f53g6ih3jATyCKftTfw=="],

    "bs58check": ["bs58check@4.0.0", "", { "dependencies": { "@noble/hashes": "^1.2.0", "bs58": "^6.0.0" } }, "sha512-FsGDOnFg9aVI9erdriULkd/JjEWONV/lQE5aYziB5PoBsXRind56lh8doIZIc9X4HoxT5x4bLjMWN1/NB8Zp5g=="],

    "bun-types": ["bun-types@1.4.2", "", { "dependencies": { "@types/node": "*" } }, "sha512-bxV1FgK7yBIzjRe5zBozIM4Bem11ZJcCXSrjWRG3YWLt8yFDePu4cLjpebO8OvPeIE9trbyPF4fuj3Cia4Fj3w=="],

    "call-bind-apply-helpers": ["call-bind-apply-helpers@1.0.2", "", { "dependencies": { "es-errors": "^1.3.0", "function-bind": "^1.1.2" } }, "sha512-Sp1ablJ0ivDkSzjcaJdxEunN5/XvksFJ2sMBFfq6x0ryhQV/2b/KwFe21cMpmHtPOSij8K99/wSfoEuTObmuMQ=="],

    "cborg": ["cborg@6.1.2", "", { "bin": { "cborg": "lib/bin.js" } }, "sha512-hQfFh6FuuCDoycN68FtUpjtQx5kCtxOLA8msbpJZxjtxaMqxgHl+4GNwO+0YexH/lHmVzhhAKa0ua+vtmTRoVw=="],

    "combined-stream": ["combined-stream@1.0.8", "", { "dependencies": { "delayed-stream": "~1.0.0" } }, "sha512-FQN4MRfuJeHf7cBbBMJFXhKSDq+2kAArBlmRBvcvFE5BB1HZKXtSFASDhdlz9zOYwxh8lDdnvmMOe/+5cdoEdg=="],

    "commander": ["commander@12.1.0", "", {}, "sha512-Vw8qHK3bZM9y/P10u3Vib8o/DdkvA2OtPtZvD871QKjy74Wj1WSKFILMPRPSdUSx5RFK1arlJzEtA4PkFgnbuA=="],

    "cross-fetch": ["cross-fetch@4.0.0", "", { "dependencies": { "node-fetch": "^2.6.12" } }, "sha512-e4a5N8lVvuLgAWgnCrLr2PP0YyDOTHa9H/Rj54dirp61qXnNq46m82bRhNqIA5VccJtWBvPTFRV3TtvHUKPB1g=="],

    "debug": ["debug@4.4.3", "", { "dependencies": { "ms": "^2.1.3" }, "peerDependencies": { "supports-color": "*" }, "optionalPeers": ["supports-color"] }, "sha512-RGwwWnwQvkVfavKVt22FGLw+xYSdzARwm0ru6DhTVA3umU5hZc28V3kO4stgYryrTlLpuvgI9GiijltAjNbcqA=="],

    "delayed-stream": ["delayed-stream@1.0.0", "", {}, "sha512-ZySD7Nf91aLB0RxL4KGrKHBXl7Eds1DAmEdcoVawXnLD7SDhpNgtuII2aAkg7a7QS41jxPSZ17p4VdGnMHk3MQ=="],

    "dunder-proto": ["dunder-proto@1.0.1", "", { "dependencies": { "call-bind-apply-helpers": "^1.0.1", "es-errors": "^1.3.0", "gopd": "^1.2.0" } }, "sha512-KIN/nDJBQRcXw0MLVhZE9iQHmG68qAVIBg9CqmUYjmQIhgij9U5MFvrqkUL5FbtyyzZuOeOt0zdeRe4UY7ct+A=="],

    "elliptic": ["elliptic@6.6.1", "", { "dependencies": { "bn.js": "^4.11.9", "brorand": "^1.1.0", "hash.js": "^1.0.0", "hmac-drbg": "^1.0.1", "inherits": "^2.0.4", "minimalistic-assert": "^1.0.1", "minimalistic-crypto-utils": "^1.0.1" } }, "sha512-RaddvvMatK2LJHqFJ+YA4WysVN5Ita9E35botqIYspQ4TkRAlCicdzKOjlyv/1Za5RyTNn7di//eEV0uTAfe3g=="],

    "es-define-property": ["es-define-property@1.0.1", "", {}, "sha512-e3nRfgfUZ4rNGL232gUgX06QNyyez04KdjFrF+LTRoOXmrOgFKDg4BCdsjW8EnT69eqdYGmRpJwiPVYNrCaW3g=="],

    "es-errors": ["es-errors@1.3.0", "", {}, "sha512-Zf5H2Kxt2xjTvbJvP2ZWLEICxA6j+hAmMzIlypy4xcBg1vKVnx89Wy0GbS+kf5cwCVFFzdCFh2XSCFNULS6csw=="],

    "es-object-atoms": ["es-object-atoms@1.1.2", "", { "dependencies": { "es-errors": "^1.3.0" } }, "sha512-HWcBoN6NileqtSydK2FqHbS/LoDd2pqrnQHLyJzBj4kOp/ky2MWMN694xOfkK8/SnUsW2DH7EfyVlydKCsm1Zw=="],

    "es-set-tostringtag": ["es-set-tostringtag@2.1.0", "", { "dependencies": { "es-errors": "^1.3.0", "get-intrinsic": "^1.2.6", "has-tostringtag": "^1.0.2", "hasown": "^2.0.2" } }, "sha512-j6vWzfrGVfyXxge+O0x5sh6cvxAog0a/4Rdd2K36zCMV5eJ+/+tOAngRO8cODMNWbVRdVlmGZQL2YS3yR8bIUA=="],

    "ethers": ["ethers@6.17.0", "", { "dependencies": { "@adraffy/ens-normalize": "1.11.1", "@noble/curves": "1.2.0", "@noble/hashes": "1.3.2", "@types/node": "22.7.5", "aes-js": "4.0.0-beta.5", "tslib": "2.7.0", "ws": "8.21.0" } }, "sha512-BpyrpIPJ3ydEVow8zGaz1DuPS7YU8DcWxuBnY9a0UA/lvAPwrMr+EPXsfrul628SRaekPNeIM4UFh/91GWZang=="],

    "follow-redirects": ["follow-redirects@1.16.0", "", { "peerDependencies": { "debug": "*" }, "optionalPeers": ["debug"] }, "sha512-y5rN/uOsadFT/JfYwhxRS5R7Qce+g3zG97+JrtFZlC9klX/W5hD7iiLzScI4nZqUS7DNUdhPgw4xI8W2LuXlUw=="],

    "form-data": ["form-data@4.0.6", "", { "dependencies": { "asynckit": "^0.4.0", "combined-stream": "^1.0.8", "es-set-tostringtag": "^2.1.0", "hasown": "^2.0.4", "mime-types": "^2.1.35" } }, "sha512-vKatAh4SlVfgbv+YtmhiRjhEMJsYpsG1Y2rMQtR+SVSbytsSD1YGzDIcrAJmdFec88u/+VoGmxnl+80gL1tRCQ=="],

    "function-bind": ["function-bind@1.1.2", "", {}, "sha512-7XHNxH7qX9xG5mIwxkhumTox/MIRNcOgDrxWsMt2pAr23WHp6MrRlN7FBSFpCpr+oVO0F744iUgR82nJMfG2SA=="],

    "get-intrinsic": ["get-intrinsic@1.3.0", "", { "dependencies": { "call-bind-apply-helpers": "^1.0.2", "es-define-property": "^1.0.1", "es-errors": "^1.3.0", "es-object-atoms": "^1.1.1", "function-bind": "^1.1.2", "get-proto": "^1.0.1", "gopd": "^1.2.0", "has-symbols": "^1.1.0", "hasown": "^2.0.2", "math-intrinsics": "^1.1.0" } }, "sha512-9fSjSaos/fRIVIp+xSJlE6lfwhES7LNtKaCBIamHsjr2na1BiABJPo0mOjjz8GJDURarmCPGqaiVg5mfjb98CQ=="],

    "get-proto": ["get-proto@1.0.1", "", { "dependencies": { "dunder-proto": "^1.0.1", "es-object-atoms": "^1.0.0" } }, "sha512-sTSfBjoXBp89JvIKIefqw7U2CCebsc74kiY6awiGogKtoSGbgjYE/G/+l9sF3MWFPNc9IcoOC4ODfKHfxFmp0g=="],

    "gopd": ["gopd@1.2.0", "", {}, "sha512-ZUKRh6/kUFoAiTAtTYPZJ3hw9wNxx+BIBOijnlG9PnrJsCcSjs1wyyD6vJpaYtgnzDrKYRSqf3OO6Rfa93xsRg=="],

    "has-symbols": ["has-symbols@1.1.0", "", {}, "sha512-1cDNdwJ2Jaohmb3sg4OmKaMBwuC48sYni5HUw2DvsC8LjGTLK9h+eb1X6RyuOHe4hT0ULCW68iomhjUoKUqlPQ=="],

    "has-tostringtag": ["has-tostringtag@1.0.2", "", { "dependencies": { "has-symbols": "^1.0.3" } }, "sha512-NqADB8VjPFLM2V0VvHUewwwsw0ZWBaIdgo+ieHtK3hasLz4qeCRjYcqfB6AQrBggRKppKF8L52/VqdVsO47Dlw=="],

    "hash.js": ["hash.js@1.1.7", "", { "dependencies": { "inherits": "^2.0.3", "minimalistic-assert": "^1.0.1" } }, "sha512-taOaskGt4z4SOANNseOviYDvjEJinIkRgmp7LbKP2YTTmVxWBl87s/uzK9r+44BclBSp2X7K1hqeNfz9JbBeXA=="],

    "hasown": ["hasown@2.0.4", "", { "dependencies": { "function-bind": "^1.1.2" } }, "sha512-T2UbfbBEF32wiepXIsMlTW9+dDYC6wMh/t/vYA4tuOMKqWz/n3vr1NFSxQiyP+zk2mXsoMA/i/7qV6LKut1t1A=="],

    "hmac-drbg": ["hmac-drbg@1.0.1", "", { "dependencies": { "hash.js": "^1.0.3", "minimalistic-assert": "^1.0.0", "minimalistic-crypto-utils": "^1.0.1" } }, "sha512-Tti3gMqLdZfhOQY1Mzf/AanLiqh1WTiJgEj26ZuYQ9fbkLomzGchCws4FyrSd4VkpBfiNhaE1On+lOz894jvXg=="],

    "https-proxy-agent": ["https-proxy-agent@5.0.1", "", { "dependencies": { "agent-base": "6", "debug": "4" } }, "sha512-dFcAjpTQFgoLMzC2VwU+C/CbS7uRL0lWmxDITmqm7C+7F0Odmj6s9l6alZc6AELXhrnggM2CeWSXHGOdX2YtwA=="],

    "inherits": ["inherits@2.0.4", "", {}, "sha512-k/vGaX4/Yla3WzyMCvTQOXYeIHvqOKtnqBduzTHpzpQZzAskKMhZ2K+EnBiSM9zGSoIFeMpXKxa4dYeZIQqewQ=="],

    "isomorphic-ws": ["isomorphic-ws@5.0.0", "", { "peerDependencies": { "ws": "*" } }, "sha512-muId7Zzn9ywDsyXgTIafTry2sV3nySZeUDe6YedVd1Hvuuep5AsIlqK+XefWpYTyJG5e503F2xIuT2lcU6rCSw=="],

    "jsbi": ["jsbi@3.1.3", "", {}, "sha512-nBJqA0C6Qns+ZxurbEoIR56wyjiUszpNy70FHvxO5ervMoCbZVE3z3kxr5nKGhlxr/9MhKTSUBs7cAwwuf3g9w=="],

    "math-intrinsics": ["math-intrinsics@1.1.0", "", {}, "sha512-/IXtbwEk5HTPyEwyKX6hGkYXxM9nbj64B+ilVJnC/R6B0pH5G4V3b0pVbL7DBj4tkhBAppbQUlf6F6Xl9LHu1g=="],

    "mime-db": ["mime-db@1.52.0", "", {}, "sha512-sPU4uV7dYlvtWJxwwxHD0PuihVNiE7TyAbQ5SWxDCB9mUYvOgroQOwYQQOKPJ8CIbE+1ETVlOoK1UC2nU3gYvg=="],

    "mime-types": ["mime-types@2.1.35", "", { "dependencies": { "mime-db": "1.52.0" } }, "sha512-ZDY+bPm5zTTF+YpCrAU9nK0UgICYPT0QtT1NZWFv4s++TNkcgVaT0g6+4R2uI4MjQjzysHB1zxuWL50hzaeXiw=="],

    "minimalistic-assert": ["minimalistic-assert@1.0.1", "", {}, "sha512-UtJcAD4yEaGtjPezWuO9wC4nwUnVH/8/Im3yEHQP4b67cXlD/Qr9hdITCU1xDbSEXg2XKNaP8jsReV7vQd00/A=="],

    "minimalistic-crypto-utils": ["minimalistic-crypto-utils@1.0.1", "", {}, "sha512-JIYlbt6g8i5jKfJ3xz7rF0LXmv2TkDxBLUkiBeZ7bAx4GnnNMr8xFpGnOxn6GhTEHx3SjRrZEoU+j04prX1ktg=="],

    "ms": ["ms@2.1.3", "", {}, "sha512-6FlzubTLZG3J2a/NVCAleEhjzq5oxgHyaCU9yYXvcLsvoVaHJq/s5xXI6/XXP6tz7R9xAOtHnSO/tXtF3WRTlA=="],

    "multiformats": ["multiformats@14.0.5", "", {}, "sha512-vbIm83F2yZ1pWJGS0yl0ysracIvv56LtbrIyiIQHoLdYDJOMoLfVFsXhh9DUH4SFdkdkFhucyWniihsNzVEjkQ=="],

    "node-fetch": ["node-fetch@2.7.0", "", { "dependencies": { "whatwg-url": "^5.0.0" }, "peerDependencies": { "encoding": "^0.1.0" }, "optionalPeers": ["encoding"] }, "sha512-c4FRfUm/dbcWZ7U+1Wq0AwCyFL+3nt2bEw05wfxSz+DWpWsitgmSgYmy2dQdWyKC1694ELPqMs/YzUSNozLt8A=="],

    "prettier": ["prettier@3.9.7", "", { "bin": { "prettier": "bin/prettier.cjs" } }, "sha512-T3mF5P7HFzZVLDQuCUNtJj6WK1pcpLMweMNUVwGb01bLNkH9AkKxtZvmInw8K6bnn2O3d6/5RHl6zSHiBAD0Og=="],

    "proxy-from-env": ["proxy-from-env@2.1.0", "", {}, "sha512-cJ+oHTW1VAEa8cJslgmUZrc+sjRKgAKl3Zyse6+PV38hZe/V6Z14TbCuXcan9F9ghlz4QrFr2c92TNF82UkYHA=="],

    "tr46": ["tr46@0.0.3", "", {}, "sha512-N3WMsuqV66lT30CrXNbEjx4GEwlow3v6rr4mCcv6prnfwhS01rkgyFdjPNBYd9br7LpXV1+Emh01fHnq2Gdgrw=="],

    "tslib": ["tslib@2.7.0", "", {}, "sha512-gLXCKdN1/j47AiHiOkJN69hJmcbGTHI0ImLmbYLHykhgeN0jVGola9yVjFgzCUklsZQMW55o+dW7IXv3RCXDzA=="],

    "type-fest": ["type-fest@4.6.0", "", {}, "sha512-rLjWJzQFOq4xw7MgJrCZ6T1jIOvvYElXT12r+y0CC6u67hegDHaxcPqb2fZHOGlqxugGQPNB1EnTezjBetkwkw=="],

    "typescript": ["typescript@5.9.3", "", { "bin": { "tsc": "bin/tsc", "tsserver": "bin/tsserver" } }, "sha512-jl1vZzPDinLr9eUt3J/t7V6FgNEw9QjvBPdysz9KfQDD41fQrC2Y4vKQdiaUpFT4bXlb1RHhLpp8wtm6M5TgSw=="],

    "uint8array-extras": ["uint8array-extras@1.5.0", "", {}, "sha512-rvKSBiC5zqCCiDZ9kAOszZcDvdAHwwIKJG33Ykj43OKcWsnmcBRL09YTU4nOeHZ8Y2a7l1MgTd08SBe9A8Qj6A=="],

    "uncrypto": ["uncrypto@0.1.3", "", {}, "sha512-Ql87qFHB3s/De2ClA9e0gsnS6zXG27SkTiSJwjCc9MebbfapQfuPzumMIUMi38ezPZVNFcHI9sUIepeQfw8J8Q=="],

    "undici-types": ["undici-types@6.21.0", "", {}, "sha512-iwDZqg0QAGrg9Rav5H4n0M64c3mkR59cJ6wQp+7C4nI0gsmExaedaYLNO44eT4AtBBwjbTiGPMlt2Md0T9H9JQ=="],

    "webidl-conversions": ["webidl-conversions@3.0.1", "", {}, "sha512-2JAn3z8AR6rjK8Sm8orRC0h/bcl/DqL7tRPdGZ4I1CjdF+EaMLmYxBHyXuKL849eucPFhvBoxMsflfOb8kxaeQ=="],

    "whatwg-url": ["whatwg-url@5.0.0", "", { "dependencies": { "tr46": "~0.0.3", "webidl-conversions": "^3.0.0" } }, "sha512-saE57nupxk6v3HY35+jzBwYa0rKSy0XR8JSxZPwgLr7ys0IBzhGviA1/TUGJLmSVqs8pb9AnvICXEuOHLprYTw=="],

    "ws": ["ws@8.21.3", "", { "peerDependencies": { "bufferutil": "^4.0.1", "utf-8-validate": ">=5.0.2" }, "optionalPeers": ["bufferutil", "utf-8-validate"] }, "sha512-201TZ/kPWxoPr/OKWjquZR1SWKXcvxdH+e1xrx89b3YbmzLMFCLfnaG1HFIgWzJOEWZ7MvpK++odZufgYR50Rw=="],

    "@nervosnetwork/ckb-sdk-utils/tslib": ["tslib@2.3.1", "", {}, "sha512-77EbyPPpMz+FRFRuAFlWMtmgUWGe9UOG2Z25NqCwiIjRhOf5iKGuzSe5P2w1laq+FkRy4p+PCuVkJSGkzTEKVw=="],

    "bs58check/@noble/hashes": ["@noble/hashes@1.3.2", "", {}, "sha512-MVC8EAQp7MvEcm30KWENFjgR+Mkmf+D189XJTkFIlwohU5hcBbn1ZkKq7KVTi2Hme3PMGF390DaL52beVrIihQ=="],

    "ethers/@noble/curves": ["@noble/curves@1.2.0", "", { "dependencies": { "@noble/hashes": "1.3.2" } }, "sha512-oYclrNgRaM9SsBUBVbb8M6DTV7ZHRTKugureoYEncY5c65HOmRzvSiTE3y5CYaPYJA/GVkrhXEoF0M3Ya9PMnw=="],

    "ethers/@noble/hashes": ["@noble/hashes@1.3.2", "", {}, "sha512-MVC8EAQp7MvEcm30KWENFjgR+Mkmf+D189XJTkFIlwohU5hcBbn1ZkKq7KVTi2Hme3PMGF390DaL52beVrIihQ=="],

    "ethers/@types/node": ["@types/node@22.7.5", "", { "dependencies": { "undici-types": "~6.19.2" } }, "sha512-jML7s2NAzMWc//QSJ1a3prpk78cOPchGvXJsC3C6R6PSMoooztvRVQEz89gmBTBY1SPMaqo5teB4uNHPdetShQ=="],

    "ethers/ws": ["ws@8.21.0", "", { "peerDependencies": { "bufferutil": "^4.0.1", "utf-8-validate": ">=5.0.2" }, "optionalPeers": ["bufferutil", "utf-8-validate"] }, "sha512-Vsp28b7DRcimFQvrqu2Wek3z1iYxDCWqHYB8Qsnk/S4RfaCQzPGPyBNuVjJV3cd6UiKtUtp6sNM77gWvzcCH+g=="],

    "ethers/@types/node/undici-types": ["undici-types@6.19.8", "", {}, "sha512-ve2KP6f/JnbPBFyobGHuerC9g1FYGn/F8n1LWTwNxCEzd6IfqTwUQcNXgEtmmQ6DlRrC1hrSrBnCZPokRrDHjw=="],
  }
}
